
Microsoft Visual Studio Solution File, Format Version 12.00
# Visual Studio Version 17
VisualStudioVersion = 17.0.32014.148
MinimumVisualStudioVersion = 10.0.40219.1
Project("{FAE04EC0-301F-11D3-BF4B-00C04F79EFBC}") = "Zad6mosty2", "Zad6mosty2\Zad6mosty2.csproj", "{707F8AD4-D17A-473E-B82F-A05964F379D2}"
EndProject
Global
	GlobalSection(SolutionConfigurationPlatforms) = preSolution
		Debug|Any CPU = Debug|Any CPU
		Release|Any CPU = Release|Any CPU
	EndGlobalSection
	GlobalSection(ProjectConfigurationPlatforms) = postSolution
		{707F8AD4-D17A-473E-B82F-A05964F379D2}.Debug|Any CPU.ActiveCfg = Debug|Any CPU
		{707F8AD4-D17A-473E-B82F-A05964F379D2}.Debug|Any CPU.Build.0 = Debug|Any CPU
		{707F8AD4-D17A-473E-B82F-A05964F379D2}.Release|Any CPU.ActiveCfg = Release|Any CPU
		{707F8AD4-D17A-473E-B82F-A05964F379D2}.Release|Any CPU.Build.0 = Release|Any CPU
	EndGlobalSection
	GlobalSection(SolutionProperties) = preSolution
		HideSolutionNode = FALSE
	EndGlobalSection
	GlobalSection(ExtensibilityGlobals) = postSolution
		SolutionGuid = {218AA49A-4412-41A3-9F3F-66303044A05E}
	EndGlobalSection
EndGlobal
